
Microsoft Visual Studio Solution File, Format Version 12.00
# Visual Studio Version 17
VisualStudioVersion = 17.5.33502.453
MinimumVisualStudioVersion = 10.0.40219.1
Project("{FAE04EC0-301F-11D3-BF4B-00C04F79EFBC}") = "TestTask.Android", "TestTask.Android\TestTask.Android.csproj", "{F7FD5A57-3A66-43B8-9808-AEC9DDC3BA71}"
EndProject
Project("{FAE04EC0-301F-11D3-BF4B-00C04F79EFBC}") = "TestTask", "TestTask\TestTask.csproj", "{E6044694-AA97-48B6-A7D1-238B05D7A0CB}"
EndProject
Global
	GlobalSection(SolutionConfigurationPlatforms) = preSolution
		Debug|Any CPU = Debug|Any CPU
		Release|Any CPU = Release|Any CPU
	EndGlobalSection
	GlobalSection(ProjectConfigurationPlatforms) = postSolution
		{F7FD5A57-3A66-43B8-9808-AEC9DDC3BA71}.Debug|Any CPU.ActiveCfg = Debug|Any CPU
		{F7FD5A57-3A66-43B8-9808-AEC9DDC3BA71}.Debug|Any CPU.Build.0 = Debug|Any CPU
		{F7FD5A57-3A66-43B8-9808-AEC9DDC3BA71}.Debug|Any CPU.Deploy.0 = Debug|Any CPU
		{F7FD5A57-3A66-43B8-9808-AEC9DDC3BA71}.Release|Any CPU.ActiveCfg = Release|Any CPU
		{F7FD5A57-3A66-43B8-9808-AEC9DDC3BA71}.Release|Any CPU.Build.0 = Release|Any CPU
		{F7FD5A57-3A66-43B8-9808-AEC9DDC3BA71}.Release|Any CPU.Deploy.0 = Release|Any CPU
		{E6044694-AA97-48B6-A7D1-238B05D7A0CB}.Debug|Any CPU.ActiveCfg = Debug|Any CPU
		{E6044694-AA97-48B6-A7D1-238B05D7A0CB}.Debug|Any CPU.Build.0 = Debug|Any CPU
		{E6044694-AA97-48B6-A7D1-238B05D7A0CB}.Debug|Any CPU.Deploy.0 = Debug|Any CPU
		{E6044694-AA97-48B6-A7D1-238B05D7A0CB}.Release|Any CPU.ActiveCfg = Release|Any CPU
		{E6044694-AA97-48B6-A7D1-238B05D7A0CB}.Release|Any CPU.Build.0 = Release|Any CPU
		{E6044694-AA97-48B6-A7D1-238B05D7A0CB}.Release|Any CPU.Deploy.0 = Release|Any CPU
	EndGlobalSection
	GlobalSection(SolutionProperties) = preSolution
		HideSolutionNode = FALSE
	EndGlobalSection
	GlobalSection(ExtensibilityGlobals) = postSolution
		SolutionGuid = {2636F33A-ADEE-41F9-86FF-BDED08589A96}
	EndGlobalSection
EndGlobal
